
Microsoft Visual Studio Solution File, Format Version 12.00
# Visual Studio 2012
Project("{FAE04EC0-301F-11D3-BF4B-00C04F79EFBC}") = "TeamPilgrim.VisualStudio", "TeamPilgrim.VisualStudio\TeamPilgrim.VisualStudio.csproj", "{A8E17ADD-F572-4150-A153-F14C43A06B30}"
EndProject
Project("{2150E333-8FDC-42A3-9474-1A3956D46DE8}") = "Tests", "Tests", "{14A28DB2-B3E6-42EE-970C-7C0FBB5FC11B}"
EndProject
Project("{FAE04EC0-301F-11D3-BF4B-00C04F79EFBC}") = "TeamPilgrim.VisualStudio.Tests", "TeamPilgrim.VisualStudio.Tests\TeamPilgrim.VisualStudio.Tests.csproj", "{A1665C09-1291-43CA-8E1F-EE1B40E34563}"
EndProject
Global
	GlobalSection(SolutionConfigurationPlatforms) = preSolution
		Debug|Any CPU = Debug|Any CPU
		Release|Any CPU = Release|Any CPU
	EndGlobalSection
	GlobalSection(ProjectConfigurationPlatforms) = postSolution
		{A8E17ADD-F572-4150-A153-F14C43A06B30}.Debug|Any CPU.ActiveCfg = Debug|Any CPU
		{A8E17ADD-F572-4150-A153-F14C43A06B30}.Debug|Any CPU.Build.0 = Debug|Any CPU
		{A8E17ADD-F572-4150-A153-F14C43A06B30}.Release|Any CPU.ActiveCfg = Release|Any CPU
		{A8E17ADD-F572-4150-A153-F14C43A06B30}.Release|Any CPU.Build.0 = Release|Any CPU
		{A1665C09-1291-43CA-8E1F-EE1B40E34563}.Debug|Any CPU.ActiveCfg = Debug|Any CPU
		{A1665C09-1291-43CA-8E1F-EE1B40E34563}.Debug|Any CPU.Build.0 = Debug|Any CPU
		{A1665C09-1291-43CA-8E1F-EE1B40E34563}.Release|Any CPU.ActiveCfg = Release|Any CPU
		{A1665C09-1291-43CA-8E1F-EE1B40E34563}.Release|Any CPU.Build.0 = Release|Any CPU
	EndGlobalSection
	GlobalSection(SolutionProperties) = preSolution
		HideSolutionNode = FALSE
	EndGlobalSection
	GlobalSection(NestedProjects) = preSolution
		{A1665C09-1291-43CA-8E1F-EE1B40E34563} = {14A28DB2-B3E6-42EE-970C-7C0FBB5FC11B}
	EndGlobalSection
EndGlobal
